
Microsoft Visual Studio Solution File, Format Version 12.00
# Visual Studio Version 16
VisualStudioVersion = 16.0.29209.62
MinimumVisualStudioVersion = 10.0.40219.1
Project("{FAE04EC0-301F-11D3-BF4B-00C04F79EFBC}") = "revisao_atp09", "revisao_atp09\revisao_atp09.csproj", "{449ECF5A-5DF6-4E22-BBB1-EB553D816CCC}"
EndProject
Global
	GlobalSection(SolutionConfigurationPlatforms) = preSolution
		Debug|Any CPU = Debug|Any CPU
		Release|Any CPU = Release|Any CPU
	EndGlobalSection
	GlobalSection(ProjectConfigurationPlatforms) = postSolution
		{449ECF5A-5DF6-4E22-BBB1-EB553D816CCC}.Debug|Any CPU.ActiveCfg = Debug|Any CPU
		{449ECF5A-5DF6-4E22-BBB1-EB553D816CCC}.Debug|Any CPU.Build.0 = Debug|Any CPU
		{449ECF5A-5DF6-4E22-BBB1-EB553D816CCC}.Release|Any CPU.ActiveCfg = Release|Any CPU
		{449ECF5A-5DF6-4E22-BBB1-EB553D816CCC}.Release|Any CPU.Build.0 = Release|Any CPU
	EndGlobalSection
	GlobalSection(SolutionProperties) = preSolution
		HideSolutionNode = FALSE
	EndGlobalSection
	GlobalSection(ExtensibilityGlobals) = postSolution
		SolutionGuid = {2DCC455E-8E2B-4337-AB7F-014BA384D327}
	EndGlobalSection
EndGlobal
