
Microsoft Visual Studio Solution File, Format Version 12.00
# Visual Studio Version 16
VisualStudioVersion = 16.0.29209.62
MinimumVisualStudioVersion = 10.0.40219.1
Project("{FAE04EC0-301F-11D3-BF4B-00C04F79EFBC}") = "tad-classes_04", "tad-classes_04\tad-classes_04.csproj", "{53BFA551-0C76-4CDB-B835-CCADA6AEDFB7}"
EndProject
Global
	GlobalSection(SolutionConfigurationPlatforms) = preSolution
		Debug|Any CPU = Debug|Any CPU
		Release|Any CPU = Release|Any CPU
	EndGlobalSection
	GlobalSection(ProjectConfigurationPlatforms) = postSolution
		{53BFA551-0C76-4CDB-B835-CCADA6AEDFB7}.Debug|Any CPU.ActiveCfg = Debug|Any CPU
		{53BFA551-0C76-4CDB-B835-CCADA6AEDFB7}.Debug|Any CPU.Build.0 = Debug|Any CPU
		{53BFA551-0C76-4CDB-B835-CCADA6AEDFB7}.Release|Any CPU.ActiveCfg = Release|Any CPU
		{53BFA551-0C76-4CDB-B835-CCADA6AEDFB7}.Release|Any CPU.Build.0 = Release|Any CPU
	EndGlobalSection
	GlobalSection(SolutionProperties) = preSolution
		HideSolutionNode = FALSE
	EndGlobalSection
	GlobalSection(ExtensibilityGlobals) = postSolution
		SolutionGuid = {99E210FB-576F-48DC-B95F-EB1FEA717D2F}
	EndGlobalSection
EndGlobal
