
Microsoft Visual Studio Solution File, Format Version 12.00
# Visual Studio Version 16
VisualStudioVersion = 16.0.29209.62
MinimumVisualStudioVersion = 10.0.40219.1
Project("{FAE04EC0-301F-11D3-BF4B-00C04F79EFBC}") = "prova-01", "prova-01\prova-01.csproj", "{42ABF42D-E664-4035-95CB-7386DF696A23}"
EndProject
Global
	GlobalSection(SolutionConfigurationPlatforms) = preSolution
		Debug|Any CPU = Debug|Any CPU
		Release|Any CPU = Release|Any CPU
	EndGlobalSection
	GlobalSection(ProjectConfigurationPlatforms) = postSolution
		{42ABF42D-E664-4035-95CB-7386DF696A23}.Debug|Any CPU.ActiveCfg = Debug|Any CPU
		{42ABF42D-E664-4035-95CB-7386DF696A23}.Debug|Any CPU.Build.0 = Debug|Any CPU
		{42ABF42D-E664-4035-95CB-7386DF696A23}.Release|Any CPU.ActiveCfg = Release|Any CPU
		{42ABF42D-E664-4035-95CB-7386DF696A23}.Release|Any CPU.Build.0 = Release|Any CPU
	EndGlobalSection
	GlobalSection(SolutionProperties) = preSolution
		HideSolutionNode = FALSE
	EndGlobalSection
	GlobalSection(ExtensibilityGlobals) = postSolution
		SolutionGuid = {83FA0DA4-6177-4546-A6B6-D05942B6330A}
	EndGlobalSection
EndGlobal
