
Microsoft Visual Studio Solution File, Format Version 12.00
# Visual Studio Version 16
VisualStudioVersion = 16.0.29209.62
MinimumVisualStudioVersion = 10.0.40219.1
Project("{FAE04EC0-301F-11D3-BF4B-00C04F79EFBC}") = "revisao_atp02", "revisao_atp02\revisao_atp02.csproj", "{747A3D6B-5243-4DA8-ADFC-50DB81B55077}"
EndProject
Global
	GlobalSection(SolutionConfigurationPlatforms) = preSolution
		Debug|Any CPU = Debug|Any CPU
		Release|Any CPU = Release|Any CPU
	EndGlobalSection
	GlobalSection(ProjectConfigurationPlatforms) = postSolution
		{747A3D6B-5243-4DA8-ADFC-50DB81B55077}.Debug|Any CPU.ActiveCfg = Debug|Any CPU
		{747A3D6B-5243-4DA8-ADFC-50DB81B55077}.Debug|Any CPU.Build.0 = Debug|Any CPU
		{747A3D6B-5243-4DA8-ADFC-50DB81B55077}.Release|Any CPU.ActiveCfg = Release|Any CPU
		{747A3D6B-5243-4DA8-ADFC-50DB81B55077}.Release|Any CPU.Build.0 = Release|Any CPU
	EndGlobalSection
	GlobalSection(SolutionProperties) = preSolution
		HideSolutionNode = FALSE
	EndGlobalSection
	GlobalSection(ExtensibilityGlobals) = postSolution
		SolutionGuid = {C07DD5C7-76B6-4AA5-8D5A-7E985A32AECE}
	EndGlobalSection
EndGlobal
