
Microsoft Visual Studio Solution File, Format Version 12.00
# Visual Studio Version 16
VisualStudioVersion = 16.0.29209.62
MinimumVisualStudioVersion = 10.0.40219.1
Project("{FAE04EC0-301F-11D3-BF4B-00C04F79EFBC}") = "revisao_atp08", "revisao_atp08\revisao_atp08.csproj", "{D1DAF74C-50C0-463E-AAD3-30DB305F103F}"
EndProject
Global
	GlobalSection(SolutionConfigurationPlatforms) = preSolution
		Debug|Any CPU = Debug|Any CPU
		Release|Any CPU = Release|Any CPU
	EndGlobalSection
	GlobalSection(ProjectConfigurationPlatforms) = postSolution
		{D1DAF74C-50C0-463E-AAD3-30DB305F103F}.Debug|Any CPU.ActiveCfg = Debug|Any CPU
		{D1DAF74C-50C0-463E-AAD3-30DB305F103F}.Debug|Any CPU.Build.0 = Debug|Any CPU
		{D1DAF74C-50C0-463E-AAD3-30DB305F103F}.Release|Any CPU.ActiveCfg = Release|Any CPU
		{D1DAF74C-50C0-463E-AAD3-30DB305F103F}.Release|Any CPU.Build.0 = Release|Any CPU
	EndGlobalSection
	GlobalSection(SolutionProperties) = preSolution
		HideSolutionNode = FALSE
	EndGlobalSection
	GlobalSection(ExtensibilityGlobals) = postSolution
		SolutionGuid = {09695E9E-2347-47A0-BC8C-9A1C94FDF6FC}
	EndGlobalSection
EndGlobal
