
Microsoft Visual Studio Solution File, Format Version 12.00
# Visual Studio Version 16
VisualStudioVersion = 16.0.29209.62
MinimumVisualStudioVersion = 10.0.40219.1
Project("{FAE04EC0-301F-11D3-BF4B-00C04F79EFBC}") = "atividade-linq", "atividade-linq\atividade-linq.csproj", "{1C320A5A-83ED-47D7-B3B6-F52D8B629788}"
EndProject
Global
	GlobalSection(SolutionConfigurationPlatforms) = preSolution
		Debug|Any CPU = Debug|Any CPU
		Release|Any CPU = Release|Any CPU
	EndGlobalSection
	GlobalSection(ProjectConfigurationPlatforms) = postSolution
		{1C320A5A-83ED-47D7-B3B6-F52D8B629788}.Debug|Any CPU.ActiveCfg = Debug|Any CPU
		{1C320A5A-83ED-47D7-B3B6-F52D8B629788}.Debug|Any CPU.Build.0 = Debug|Any CPU
		{1C320A5A-83ED-47D7-B3B6-F52D8B629788}.Release|Any CPU.ActiveCfg = Release|Any CPU
		{1C320A5A-83ED-47D7-B3B6-F52D8B629788}.Release|Any CPU.Build.0 = Release|Any CPU
	EndGlobalSection
	GlobalSection(SolutionProperties) = preSolution
		HideSolutionNode = FALSE
	EndGlobalSection
	GlobalSection(ExtensibilityGlobals) = postSolution
		SolutionGuid = {6186DC7C-C121-43E2-B9A6-C04495A3E4E2}
	EndGlobalSection
EndGlobal
