
Microsoft Visual Studio Solution File, Format Version 12.00
# Visual Studio Version 16
VisualStudioVersion = 16.0.29209.62
MinimumVisualStudioVersion = 10.0.40219.1
Project("{FAE04EC0-301F-11D3-BF4B-00C04F79EFBC}") = "atividade-generico", "atividade-generico\atividade-generico.csproj", "{4709F456-7D24-4F27-9CD7-3B7119A11BCE}"
EndProject
Global
	GlobalSection(SolutionConfigurationPlatforms) = preSolution
		Debug|Any CPU = Debug|Any CPU
		Release|Any CPU = Release|Any CPU
	EndGlobalSection
	GlobalSection(ProjectConfigurationPlatforms) = postSolution
		{4709F456-7D24-4F27-9CD7-3B7119A11BCE}.Debug|Any CPU.ActiveCfg = Debug|Any CPU
		{4709F456-7D24-4F27-9CD7-3B7119A11BCE}.Debug|Any CPU.Build.0 = Debug|Any CPU
		{4709F456-7D24-4F27-9CD7-3B7119A11BCE}.Release|Any CPU.ActiveCfg = Release|Any CPU
		{4709F456-7D24-4F27-9CD7-3B7119A11BCE}.Release|Any CPU.Build.0 = Release|Any CPU
	EndGlobalSection
	GlobalSection(SolutionProperties) = preSolution
		HideSolutionNode = FALSE
	EndGlobalSection
	GlobalSection(ExtensibilityGlobals) = postSolution
		SolutionGuid = {8903EB21-765D-409C-94E8-4B10E4209821}
	EndGlobalSection
EndGlobal
