
Microsoft Visual Studio Solution File, Format Version 12.00
# Visual Studio Version 16
VisualStudioVersion = 16.0.29209.62
MinimumVisualStudioVersion = 10.0.40219.1
Project("{FAE04EC0-301F-11D3-BF4B-00C04F79EFBC}") = "atividade-primo", "atividade-primo\atividade-primo.csproj", "{D54ED0E8-7942-46C0-B254-594765D317BB}"
EndProject
Global
	GlobalSection(SolutionConfigurationPlatforms) = preSolution
		Debug|Any CPU = Debug|Any CPU
		Release|Any CPU = Release|Any CPU
	EndGlobalSection
	GlobalSection(ProjectConfigurationPlatforms) = postSolution
		{D54ED0E8-7942-46C0-B254-594765D317BB}.Debug|Any CPU.ActiveCfg = Debug|Any CPU
		{D54ED0E8-7942-46C0-B254-594765D317BB}.Debug|Any CPU.Build.0 = Debug|Any CPU
		{D54ED0E8-7942-46C0-B254-594765D317BB}.Release|Any CPU.ActiveCfg = Release|Any CPU
		{D54ED0E8-7942-46C0-B254-594765D317BB}.Release|Any CPU.Build.0 = Release|Any CPU
	EndGlobalSection
	GlobalSection(SolutionProperties) = preSolution
		HideSolutionNode = FALSE
	EndGlobalSection
	GlobalSection(ExtensibilityGlobals) = postSolution
		SolutionGuid = {34A1BCB8-01E9-4703-B25F-D2BF2B44DC51}
	EndGlobalSection
EndGlobal
