
Microsoft Visual Studio Solution File, Format Version 12.00
# Visual Studio Version 16
VisualStudioVersion = 16.0.29209.62
MinimumVisualStudioVersion = 10.0.40219.1
Project("{FAE04EC0-301F-11D3-BF4B-00C04F79EFBC}") = "revisao_atp10", "revisao_atp10\revisao_atp10.csproj", "{117A36A4-9E9F-4347-8167-864D9296D21F}"
EndProject
Global
	GlobalSection(SolutionConfigurationPlatforms) = preSolution
		Debug|Any CPU = Debug|Any CPU
		Release|Any CPU = Release|Any CPU
	EndGlobalSection
	GlobalSection(ProjectConfigurationPlatforms) = postSolution
		{117A36A4-9E9F-4347-8167-864D9296D21F}.Debug|Any CPU.ActiveCfg = Debug|Any CPU
		{117A36A4-9E9F-4347-8167-864D9296D21F}.Debug|Any CPU.Build.0 = Debug|Any CPU
		{117A36A4-9E9F-4347-8167-864D9296D21F}.Release|Any CPU.ActiveCfg = Release|Any CPU
		{117A36A4-9E9F-4347-8167-864D9296D21F}.Release|Any CPU.Build.0 = Release|Any CPU
	EndGlobalSection
	GlobalSection(SolutionProperties) = preSolution
		HideSolutionNode = FALSE
	EndGlobalSection
	GlobalSection(ExtensibilityGlobals) = postSolution
		SolutionGuid = {201BAC48-26EA-4A59-96B2-B1901F07A6C2}
	EndGlobalSection
EndGlobal
