
Microsoft Visual Studio Solution File, Format Version 12.00
# Visual Studio Version 16
VisualStudioVersion = 16.0.29209.62
MinimumVisualStudioVersion = 10.0.40219.1
Project("{FAE04EC0-301F-11D3-BF4B-00C04F79EFBC}") = "atividade-forms-04", "atividade-forms-04\atividade-forms-04.csproj", "{993D92F1-CB0A-4BBF-86A7-85B2440E7BB1}"
EndProject
Global
	GlobalSection(SolutionConfigurationPlatforms) = preSolution
		Debug|Any CPU = Debug|Any CPU
		Release|Any CPU = Release|Any CPU
	EndGlobalSection
	GlobalSection(ProjectConfigurationPlatforms) = postSolution
		{993D92F1-CB0A-4BBF-86A7-85B2440E7BB1}.Debug|Any CPU.ActiveCfg = Debug|Any CPU
		{993D92F1-CB0A-4BBF-86A7-85B2440E7BB1}.Debug|Any CPU.Build.0 = Debug|Any CPU
		{993D92F1-CB0A-4BBF-86A7-85B2440E7BB1}.Release|Any CPU.ActiveCfg = Release|Any CPU
		{993D92F1-CB0A-4BBF-86A7-85B2440E7BB1}.Release|Any CPU.Build.0 = Release|Any CPU
	EndGlobalSection
	GlobalSection(SolutionProperties) = preSolution
		HideSolutionNode = FALSE
	EndGlobalSection
	GlobalSection(ExtensibilityGlobals) = postSolution
		SolutionGuid = {524C3B47-DC9C-4DC9-81DF-23470B99004E}
	EndGlobalSection
EndGlobal
