
Microsoft Visual Studio Solution File, Format Version 12.00
# Visual Studio Version 16
VisualStudioVersion = 16.0.29209.62
MinimumVisualStudioVersion = 10.0.40219.1
Project("{FAE04EC0-301F-11D3-BF4B-00C04F79EFBC}") = "classes-01", "classes-01\classes-01.csproj", "{FD8A4B59-574C-49E1-886D-FD53D3CED2B4}"
EndProject
Global
	GlobalSection(SolutionConfigurationPlatforms) = preSolution
		Debug|Any CPU = Debug|Any CPU
		Release|Any CPU = Release|Any CPU
	EndGlobalSection
	GlobalSection(ProjectConfigurationPlatforms) = postSolution
		{FD8A4B59-574C-49E1-886D-FD53D3CED2B4}.Debug|Any CPU.ActiveCfg = Debug|Any CPU
		{FD8A4B59-574C-49E1-886D-FD53D3CED2B4}.Debug|Any CPU.Build.0 = Debug|Any CPU
		{FD8A4B59-574C-49E1-886D-FD53D3CED2B4}.Release|Any CPU.ActiveCfg = Release|Any CPU
		{FD8A4B59-574C-49E1-886D-FD53D3CED2B4}.Release|Any CPU.Build.0 = Release|Any CPU
	EndGlobalSection
	GlobalSection(SolutionProperties) = preSolution
		HideSolutionNode = FALSE
	EndGlobalSection
	GlobalSection(ExtensibilityGlobals) = postSolution
		SolutionGuid = {81306159-61CD-4E10-B3F4-B1C391D65A7B}
	EndGlobalSection
EndGlobal
