
Microsoft Visual Studio Solution File, Format Version 12.00
# Visual Studio Version 16
VisualStudioVersion = 16.0.29209.62
MinimumVisualStudioVersion = 10.0.40219.1
Project("{FAE04EC0-301F-11D3-BF4B-00C04F79EFBC}") = "tad-classes_01", "tad-classes_01\tad-classes_01.csproj", "{ADCC0385-7B2A-4A36-9A1C-E1B4B6553F86}"
EndProject
Global
	GlobalSection(SolutionConfigurationPlatforms) = preSolution
		Debug|Any CPU = Debug|Any CPU
		Release|Any CPU = Release|Any CPU
	EndGlobalSection
	GlobalSection(ProjectConfigurationPlatforms) = postSolution
		{ADCC0385-7B2A-4A36-9A1C-E1B4B6553F86}.Debug|Any CPU.ActiveCfg = Debug|Any CPU
		{ADCC0385-7B2A-4A36-9A1C-E1B4B6553F86}.Debug|Any CPU.Build.0 = Debug|Any CPU
		{ADCC0385-7B2A-4A36-9A1C-E1B4B6553F86}.Release|Any CPU.ActiveCfg = Release|Any CPU
		{ADCC0385-7B2A-4A36-9A1C-E1B4B6553F86}.Release|Any CPU.Build.0 = Release|Any CPU
	EndGlobalSection
	GlobalSection(SolutionProperties) = preSolution
		HideSolutionNode = FALSE
	EndGlobalSection
	GlobalSection(ExtensibilityGlobals) = postSolution
		SolutionGuid = {8E7F8577-E98A-4D8C-9C5E-EB9C78812715}
	EndGlobalSection
EndGlobal
