
Microsoft Visual Studio Solution File, Format Version 12.00
# Visual Studio Version 16
VisualStudioVersion = 16.0.29209.62
MinimumVisualStudioVersion = 10.0.40219.1
Project("{FAE04EC0-301F-11D3-BF4B-00C04F79EFBC}") = "exercicio-opercao", "exercicio-opercao\exercicio-opercao.csproj", "{878D7B65-5C31-492C-AD82-2FD22AC4BB3B}"
EndProject
Global
	GlobalSection(SolutionConfigurationPlatforms) = preSolution
		Debug|Any CPU = Debug|Any CPU
		Release|Any CPU = Release|Any CPU
	EndGlobalSection
	GlobalSection(ProjectConfigurationPlatforms) = postSolution
		{878D7B65-5C31-492C-AD82-2FD22AC4BB3B}.Debug|Any CPU.ActiveCfg = Debug|Any CPU
		{878D7B65-5C31-492C-AD82-2FD22AC4BB3B}.Debug|Any CPU.Build.0 = Debug|Any CPU
		{878D7B65-5C31-492C-AD82-2FD22AC4BB3B}.Release|Any CPU.ActiveCfg = Release|Any CPU
		{878D7B65-5C31-492C-AD82-2FD22AC4BB3B}.Release|Any CPU.Build.0 = Release|Any CPU
	EndGlobalSection
	GlobalSection(SolutionProperties) = preSolution
		HideSolutionNode = FALSE
	EndGlobalSection
	GlobalSection(ExtensibilityGlobals) = postSolution
		SolutionGuid = {E67260D9-AA6D-4935-9DE6-FB04E47356C9}
	EndGlobalSection
EndGlobal
